
Microsoft Visual Studio Solution File, Format Version 12.00
# Visual Studio Version 16
VisualStudioVersion = 16.0.30804.86
MinimumVisualStudioVersion = 10.0.40219.1
Project("{FAE04EC0-301F-11D3-BF4B-00C04F79EFBC}") = "TreeViewProject", "TreeViewProject\TreeViewProject.csproj", "{5840C6CD-E06F-433E-9EA2-245CE570530F}"
EndProject
Global
	GlobalSection(SolutionConfigurationPlatforms) = preSolution
		Debug|Any CPU = Debug|Any CPU
		Release|Any CPU = Release|Any CPU
	EndGlobalSection
	GlobalSection(ProjectConfigurationPlatforms) = postSolution
		{5840C6CD-E06F-433E-9EA2-245CE570530F}.Debug|Any CPU.ActiveCfg = Debug|Any CPU
		{5840C6CD-E06F-433E-9EA2-245CE570530F}.Debug|Any CPU.Build.0 = Debug|Any CPU
		{5840C6CD-E06F-433E-9EA2-245CE570530F}.Release|Any CPU.ActiveCfg = Release|Any CPU
		{5840C6CD-E06F-433E-9EA2-245CE570530F}.Release|Any CPU.Build.0 = Release|Any CPU
	EndGlobalSection
	GlobalSection(SolutionProperties) = preSolution
		HideSolutionNode = FALSE
	EndGlobalSection
	GlobalSection(ExtensibilityGlobals) = postSolution
		SolutionGuid = {85A0175F-D63A-4569-B1FB-71FE06FA997C}
	EndGlobalSection
EndGlobal
